
Microsoft Visual Studio Solution File, Format Version 12.00
Project("{2150E333-8FDC-42A3-9474-1A3956D46DE8}") = "Solutions Items", "Solutions Items", "{82D41B7B-B980-4B28-83C0-89EEACEE2A01}"
	ProjectSection(SolutionItems) = preProject
		.editorconfig = .editorconfig
		Directory.Build.props = Directory.Build.props
		Directory.Packages.props = Directory.Packages.props
		global.json = global.json
		.config\dotnet-tools.json = .config\dotnet-tools.json
		.github\workflows\CI_CD.yml = .github\workflows\CI_CD.yml
		renovate.json = renovate.json
		CHANGELOG.md = CHANGELOG.md
		LICENSE.md = LICENSE.md
		README.md = README.md
	EndProjectSection
EndProject
Project("{FAE04EC0-301F-11D3-BF4B-00C04F79EFBC}") = "mu88.Shared", "src\mu88.Shared\mu88.Shared.csproj", "{9E92B66B-167D-465C-884D-2F761620EDE8}"
EndProject
Project("{FAE04EC0-301F-11D3-BF4B-00C04F79EFBC}") = "Tests", "tests\Tests\Tests.csproj", "{2DC5FEDE-FB52-49DF-BAD8-EB6839F51388}"
EndProject
Project("{FAE04EC0-301F-11D3-BF4B-00C04F79EFBC}") = "DummyAspNetCoreProject", "tests\DummyAspNetCoreProject\DummyAspNetCoreProject.csproj", "{1713D48C-0572-4091-BCF8-6879A8254700}"
EndProject
Project("{2150E333-8FDC-42A3-9474-1A3956D46DE8}") = "Tests", "Tests", "{F386FC89-97D9-4B51-A530-1CAEED47AC17}"
EndProject
Project("{FAE04EC0-301F-11D3-BF4B-00C04F79EFBC}") = "mu88.HealthCheck", "src\mu88.HealthCheck\mu88.HealthCheck.csproj", "{08563D30-205A-47E0-AEEA-ACE85869EA37}"
EndProject
Project("{FAE04EC0-301F-11D3-BF4B-00C04F79EFBC}") = "DummyAspNetCoreProjectViaNuGet", "tests\DummyAspNetCoreProjectViaNuGet\DummyAspNetCoreProjectViaNuGet.csproj", "{DB5394E8-A0B0-4733-89CE-47DD69C45517}"
EndProject
Global
	GlobalSection(SolutionConfigurationPlatforms) = preSolution
		Debug|Any CPU = Debug|Any CPU
		Release|Any CPU = Release|Any CPU
	EndGlobalSection
	GlobalSection(ProjectConfigurationPlatforms) = postSolution
		{9E92B66B-167D-465C-884D-2F761620EDE8}.Debug|Any CPU.ActiveCfg = Debug|Any CPU
		{9E92B66B-167D-465C-884D-2F761620EDE8}.Debug|Any CPU.Build.0 = Debug|Any CPU
		{9E92B66B-167D-465C-884D-2F761620EDE8}.Release|Any CPU.ActiveCfg = Release|Any CPU
		{9E92B66B-167D-465C-884D-2F761620EDE8}.Release|Any CPU.Build.0 = Release|Any CPU
		{2DC5FEDE-FB52-49DF-BAD8-EB6839F51388}.Debug|Any CPU.ActiveCfg = Debug|Any CPU
		{2DC5FEDE-FB52-49DF-BAD8-EB6839F51388}.Debug|Any CPU.Build.0 = Debug|Any CPU
		{2DC5FEDE-FB52-49DF-BAD8-EB6839F51388}.Release|Any CPU.ActiveCfg = Release|Any CPU
		{2DC5FEDE-FB52-49DF-BAD8-EB6839F51388}.Release|Any CPU.Build.0 = Release|Any CPU
		{1713D48C-0572-4091-BCF8-6879A8254700}.Debug|Any CPU.ActiveCfg = Debug|Any CPU
		{1713D48C-0572-4091-BCF8-6879A8254700}.Debug|Any CPU.Build.0 = Debug|Any CPU
		{1713D48C-0572-4091-BCF8-6879A8254700}.Release|Any CPU.ActiveCfg = Release|Any CPU
		{1713D48C-0572-4091-BCF8-6879A8254700}.Release|Any CPU.Build.0 = Release|Any CPU
		{08563D30-205A-47E0-AEEA-ACE85869EA37}.Debug|Any CPU.ActiveCfg = Debug|Any CPU
		{08563D30-205A-47E0-AEEA-ACE85869EA37}.Debug|Any CPU.Build.0 = Debug|Any CPU
		{08563D30-205A-47E0-AEEA-ACE85869EA37}.Release|Any CPU.ActiveCfg = Release|Any CPU
		{08563D30-205A-47E0-AEEA-ACE85869EA37}.Release|Any CPU.Build.0 = Release|Any CPU
		{DB5394E8-A0B0-4733-89CE-47DD69C45517}.Debug|Any CPU.ActiveCfg = Debug|Any CPU
		{DB5394E8-A0B0-4733-89CE-47DD69C45517}.Debug|Any CPU.Build.0 = Debug|Any CPU
		{DB5394E8-A0B0-4733-89CE-47DD69C45517}.Release|Any CPU.ActiveCfg = Release|Any CPU
		{DB5394E8-A0B0-4733-89CE-47DD69C45517}.Release|Any CPU.Build.0 = Release|Any CPU
	EndGlobalSection
	GlobalSection(NestedProjects) = preSolution
		{1713D48C-0572-4091-BCF8-6879A8254700} = {F386FC89-97D9-4B51-A530-1CAEED47AC17}
		{2DC5FEDE-FB52-49DF-BAD8-EB6839F51388} = {F386FC89-97D9-4B51-A530-1CAEED47AC17}
		{DB5394E8-A0B0-4733-89CE-47DD69C45517} = {F386FC89-97D9-4B51-A530-1CAEED47AC17}
	EndGlobalSection
EndGlobal
