{
  "version": 2,
  "dependencies": {
    "net10.0": {
      "Microsoft.AspNetCore.OpenApi": {
        "type": "Direct",
        "requested": "[10.0.12, )",
        "resolved": "10.0.12",
        "contentHash": "7RnQ/UKn+kK3JDLmTpW+vVqNErWthGPAVAy1aIiBzv4ucQ6g9NFvOJUuT0PHcpvcJxGVxctMxj6t+NESWMrgHQ==",
        "dependencies": {
          "Microsoft.OpenApi": "[2.12.0, 3.0.0)"
        }
      },
      "Microsoft.Extensions.Compliance.Abstractions": {
        "type": "Transitive",
        "resolved": "10.10.0",
        "contentHash": "Sh3ujDRJpCMNY4x+43ljCROt4qBOoWfsL8l816RPYZS1S+Tw277r5002rbB15Sh6hFcCT8mGYBO7NtpfSYrQ0Q=="
      },
      "Microsoft.Extensions.Telemetry.Abstractions": {
        "type": "Transitive",
        "resolved": "10.10.0",
        "contentHash": "I76SAZ95I5lYh4whVZvLpKhpvHI1o21FfGqiASU85GtIVA4ULv+TVIE5+swKhnC63+xI4XjCcIWa9LbyR3pFNw==",
        "dependencies": {
          "Microsoft.Extensions.Compliance.Abstractions": "10.10.0"
        }
      },
      "Microsoft.OpenApi": {
        "type": "Transitive",
        "resolved": "2.12.0",
        "contentHash": "0xB/be+f6qYOhvQPUrVsLrau+fkowYv6gt9RIkajMhwT7sZnqtcA797yW3bS5kgSje+AQW4xZgyLnW641YFioQ=="
      },
      "OpenTelemetry": {
        "type": "Transitive",
        "resolved": "1.19.1",
        "contentHash": "6ywhc3upf+dq8EsOohj7I7zS3l4yX9vfbtFkvyEC8xIUY4Z9iDIOVuke356eCAzIZaWtmwmmyl2UXYCp5n7I3Q==",
        "dependencies": {
          "OpenTelemetry.Api.ProviderBuilderExtensions": "1.19.1"
        }
      },
      "OpenTelemetry.Api": {
        "type": "Transitive",
        "resolved": "1.19.1",
        "contentHash": "9JKIH+xrV0HNTFjQC8zrx9gZpDOMEljN5Htg/U0VE2IvO3N+7bKALCCsGy5tp09marX5dd8UkrgQFoLaulIBRw=="
      },
      "OpenTelemetry.Api.ProviderBuilderExtensions": {
        "type": "Transitive",
        "resolved": "1.19.1",
        "contentHash": "HtGe72B/IhzKqdU0a3fNE5osax/Cegwxd+p4u6lOFy20nsgmeaFuP2NRyFs1WvrOv/bpkII3IvvBkKoZXG8BLg==",
        "dependencies": {
          "OpenTelemetry.Api": "1.19.1"
        }
      },
      "mu88.shared": {
        "type": "Project",
        "dependencies": {
          "IDisposableAnalyzers": "[4.0.8, )",
          "Meziantou.Analyzer": "[3.0.266, )",
          "Microsoft.Extensions.Diagnostics.HealthChecks.Common": "[10.10.0, )",
          "OpenTelemetry.Exporter.OpenTelemetryProtocol": "[1.19.1, )",
          "OpenTelemetry.Extensions.Hosting": "[1.19.1, )",
          "OpenTelemetry.Instrumentation.AspNetCore": "[1.19.0, )",
          "OpenTelemetry.Instrumentation.EntityFrameworkCore": "[1.0.0-beta.12, )",
          "OpenTelemetry.Instrumentation.Http": "[1.19.0, )",
          "OpenTelemetry.Instrumentation.Process": "[0.5.0-beta.7, )",
          "OpenTelemetry.Instrumentation.Runtime": "[1.19.0, )",
          "StyleCop.Analyzers": "[1.1.118, )"
        }
      },
      "IDisposableAnalyzers": {
        "type": "CentralTransitive",
        "requested": "[4.0.8, )",
        "resolved": "4.0.8",
        "contentHash": "vNi4NMG0CcJyjXxiNDcQ21FwV/whM9o9OEZKD+oP7tuxAqFEzX/x5OhC3OZJqW/w+8GOtCmJPBquYgMWgz0rfQ=="
      },
      "Meziantou.Analyzer": {
        "type": "CentralTransitive",
        "requested": "[3.0.266, )",
        "resolved": "3.0.266",
        "contentHash": "IA1m/Dvud0eJNMcC+pTDNVdaLPs4QMhRBMAVjQZnTdWwTDUDIJO/JvfAZpRULgi0hoAHlXQVkPRtLokNvRcaiQ=="
      },
      "Microsoft.Extensions.Diagnostics.HealthChecks.Common": {
        "type": "CentralTransitive",
        "requested": "[10.10.0, )",
        "resolved": "10.10.0",
        "contentHash": "97obD8cZrodFXUiL4JlCLFy/0wkXW/+dNlPYNRTTdh57acIf9OAVmOr1X5ZjcMWn0U6SYONi20G0FEBogiVjbg==",
        "dependencies": {
          "Microsoft.Extensions.Telemetry.Abstractions": "10.10.0"
        }
      },
      "OpenTelemetry.Exporter.OpenTelemetryProtocol": {
        "type": "CentralTransitive",
        "requested": "[1.19.1, )",
        "resolved": "1.19.1",
        "contentHash": "vsYYOBf/KxNubnuoja8pjJ9LG0zCC9HAYPay+R6N5ZKZMbhNdKWbaq6JZqJqTvK+55rudiqErJySekf9ql8okA==",
        "dependencies": {
          "OpenTelemetry": "1.19.1"
        }
      },
      "OpenTelemetry.Extensions.Hosting": {
        "type": "CentralTransitive",
        "requested": "[1.19.1, )",
        "resolved": "1.19.1",
        "contentHash": "3qqZfVmW8mKA2/fRwI83o8z+yZd33KbEqRlXrlX0+3e/U7i+z0MQiCr0L3Axxa0jGdiylIrpWX4DIT9nAbJ00A==",
        "dependencies": {
          "OpenTelemetry": "1.19.1"
        }
      },
      "OpenTelemetry.Instrumentation.AspNetCore": {
        "type": "CentralTransitive",
        "requested": "[1.19.0, )",
        "resolved": "1.19.0",
        "contentHash": "reypo7g0Nzyssg1EkbfWU6W58CVFgtgkSEGrFXtbpA+bNit7HUs7587DOkOdPCgqWr3IL4f6X9B2yhnU6POrFA==",
        "dependencies": {
          "OpenTelemetry.Api.ProviderBuilderExtensions": "[1.19.0, 2.0.0)"
        }
      },
      "OpenTelemetry.Instrumentation.EntityFrameworkCore": {
        "type": "CentralTransitive",
        "requested": "[1.0.0-beta.12, )",
        "resolved": "1.0.0-beta.12",
        "contentHash": "L/wZDi3MXyL2OsaxykjNovTgNhGq0kVtWNcCoqzOctxYMnCUGAQHYA9XwZGpad1vnnFxHOcN3oW4qFAQuYpKUA==",
        "dependencies": {
          "OpenTelemetry.Api.ProviderBuilderExtensions": "[1.9.0, 2.0.0)"
        }
      },
      "OpenTelemetry.Instrumentation.Http": {
        "type": "CentralTransitive",
        "requested": "[1.19.0, )",
        "resolved": "1.19.0",
        "contentHash": "+egJpWBRfYP3ldfexV2bmJyzOWkkOPVYikw/vUEtbUvf2exJfY3RGInXrYlubhBIH6rmNEn6sI/FmqenZJwkjw==",
        "dependencies": {
          "OpenTelemetry.Api.ProviderBuilderExtensions": "[1.19.0, 2.0.0)"
        }
      },
      "OpenTelemetry.Instrumentation.Process": {
        "type": "CentralTransitive",
        "requested": "[0.5.0-beta.7, )",
        "resolved": "0.5.0-beta.7",
        "contentHash": "v+g5CPU/sJhyc1FTOgTaQTwvrQXquSxdndF+E3fS8SXYPLVAa2INHa8jqCFKvYp1rO+yaVizRw1gCOaDJJzauA==",
        "dependencies": {
          "OpenTelemetry.Api": "[1.9.0, 2.0.0)"
        }
      },
      "OpenTelemetry.Instrumentation.Runtime": {
        "type": "CentralTransitive",
        "requested": "[1.19.0, )",
        "resolved": "1.19.0",
        "contentHash": "VIH2tQ2h31j4wQyZ9Utk8ZXIyj7Z1j0xIiyPRGjYu1MmZjJtpxRh0Y/NnB6fEBimNg/WrX0jDyfMeEjPQqmaMA==",
        "dependencies": {
          "OpenTelemetry.Api": "[1.19.0, 2.0.0)"
        }
      },
      "StyleCop.Analyzers": {
        "type": "CentralTransitive",
        "requested": "[1.1.118, )",
        "resolved": "1.1.118",
        "contentHash": "Onx6ovGSqXSK07n/0eM3ZusiNdB6cIlJdabQhWGgJp3Vooy9AaLS/tigeybOJAobqbtggTamoWndz72JscZBvw=="
      }
    },
    "net10.0/linux-x64": {}
  }
}